{
  "comment": "Otisky produktových zdrojů při posledním syncu — aktualizuje scripts/check-upstream.mjs --update-lock",
  "flowmapCommit": "d6452ac",
  "product/frontend/src/lib/skinValidator.js": "404712fd864b29c9bce1881d2c3583c1e4416d354c3d4d63882a43ec198bb323",
  "product/frontend/src/components/shared/SkinPattern.jsx": "e1ab6188d0baf42b697f1795cdc82908cfa94d2cb15f4a73c2a3396f5bfb58d7"
}
